
Microsoft Visual Studio Solution File, Format Version 12.00
Project("{2150E333-8FDC-42A3-9474-1A3956D46DE8}") = "Src", "Src", "{61CDE34E-F16F-4A3D-8183-221790C877E7}"
EndProject
Project("{2150E333-8FDC-42A3-9474-1A3956D46DE8}") = "AnemicModel", "AnemicModel", "{7194AC4D-EFFB-4304-B9B7-0546BF0F5F81}"
EndProject
Project("{FAE04EC0-301F-11D3-BF4B-00C04F79EFBC}") = "AnemicModel.Domain", "AnemicModel.Domain\AnemicModel.Domain.csproj", "{7D128210-B1B1-4440-9AF8-A7A3FC710E31}"
EndProject
Project("{FAE04EC0-301F-11D3-BF4B-00C04F79EFBC}") = "AnemicModel.Application", "AnemicModel.Application\AnemicModel.Application.csproj", "{AA10994A-A780-490A-98F3-BC5BDC15B554}"
EndProject
Project("{FAE04EC0-301F-11D3-BF4B-00C04F79EFBC}") = "AnemicModel.Persistance", "AnemicModel.Persistance\AnemicModel.Persistance.csproj", "{D2FC0657-406F-4D08-A0B1-255EA79F9577}"
EndProject
Project("{2150E333-8FDC-42A3-9474-1A3956D46DE8}") = "RichModel", "RichModel", "{E817C78B-7E13-49A2-AA2B-3AC05C292478}"
EndProject
Project("{FAE04EC0-301F-11D3-BF4B-00C04F79EFBC}") = "RichModel.Domain", "RichModel.Domain\RichModel.Domain.csproj", "{3BBACD59-5836-4E6D-A6A5-DDF192AD2BAE}"
EndProject
Project("{FAE04EC0-301F-11D3-BF4B-00C04F79EFBC}") = "RichModel.Application", "RichModel.Application\RichModel.Application.csproj", "{224E1230-71AC-401F-9468-A3F84EA5093F}"
EndProject
Project("{2150E333-8FDC-42A3-9474-1A3956D46DE8}") = "Core", "Core", "{255C67D5-7F4E-4525-81AB-08CA87836951}"
EndProject
Project("{2150E333-8FDC-42A3-9474-1A3956D46DE8}") = "Infrastructure", "Infrastructure", "{7563D7BD-C959-4DF7-9AEA-485E9ADE5239}"
EndProject
Project("{2150E333-8FDC-42A3-9474-1A3956D46DE8}") = "Core", "Core", "{28AE2BF7-7860-457A-8EAA-A5589B0547C8}"
EndProject
Project("{2150E333-8FDC-42A3-9474-1A3956D46DE8}") = "Infrastructure", "Infrastructure", "{C064131E-0F7F-4A79-8686-69CD5C215BB3}"
EndProject
Project("{FAE04EC0-301F-11D3-BF4B-00C04F79EFBC}") = "RichModel.Persistance", "RichModel.Persistance\RichModel.Persistance.csproj", "{43B5E6D9-FC3E-4E8F-98E3-6280B6DD86A6}"
EndProject
Project("{2150E333-8FDC-42A3-9474-1A3956D46DE8}") = "Presentation", "Presentation", "{5C0D84E6-54B4-450E-AC82-8B7AAC8896C8}"
EndProject
Project("{FAE04EC0-301F-11D3-BF4B-00C04F79EFBC}") = "RichModel.WebUI", "RichModel.WebUI\RichModel.WebUI.csproj", "{C173428D-9068-4FB6-BD8D-0CF151917045}"
EndProject
Project("{FAE04EC0-301F-11D3-BF4B-00C04F79EFBC}") = "RichModel.Infrastructure", "RichModel.Infrastructure\RichModel.Infrastructure.csproj", "{26A457D6-D1DB-4517-889D-E778865CC416}"
EndProject
Global
	GlobalSection(SolutionConfigurationPlatforms) = preSolution
		Debug|Any CPU = Debug|Any CPU
		Release|Any CPU = Release|Any CPU
	EndGlobalSection
	GlobalSection(NestedProjects) = preSolution
		{7194AC4D-EFFB-4304-B9B7-0546BF0F5F81} = {61CDE34E-F16F-4A3D-8183-221790C877E7}
		{E817C78B-7E13-49A2-AA2B-3AC05C292478} = {61CDE34E-F16F-4A3D-8183-221790C877E7}
		{255C67D5-7F4E-4525-81AB-08CA87836951} = {7194AC4D-EFFB-4304-B9B7-0546BF0F5F81}
		{AA10994A-A780-490A-98F3-BC5BDC15B554} = {255C67D5-7F4E-4525-81AB-08CA87836951}
		{7D128210-B1B1-4440-9AF8-A7A3FC710E31} = {255C67D5-7F4E-4525-81AB-08CA87836951}
		{7563D7BD-C959-4DF7-9AEA-485E9ADE5239} = {7194AC4D-EFFB-4304-B9B7-0546BF0F5F81}
		{D2FC0657-406F-4D08-A0B1-255EA79F9577} = {7563D7BD-C959-4DF7-9AEA-485E9ADE5239}
		{28AE2BF7-7860-457A-8EAA-A5589B0547C8} = {E817C78B-7E13-49A2-AA2B-3AC05C292478}
		{224E1230-71AC-401F-9468-A3F84EA5093F} = {28AE2BF7-7860-457A-8EAA-A5589B0547C8}
		{3BBACD59-5836-4E6D-A6A5-DDF192AD2BAE} = {28AE2BF7-7860-457A-8EAA-A5589B0547C8}
		{C064131E-0F7F-4A79-8686-69CD5C215BB3} = {E817C78B-7E13-49A2-AA2B-3AC05C292478}
		{43B5E6D9-FC3E-4E8F-98E3-6280B6DD86A6} = {C064131E-0F7F-4A79-8686-69CD5C215BB3}
		{5C0D84E6-54B4-450E-AC82-8B7AAC8896C8} = {E817C78B-7E13-49A2-AA2B-3AC05C292478}
		{C173428D-9068-4FB6-BD8D-0CF151917045} = {5C0D84E6-54B4-450E-AC82-8B7AAC8896C8}
		{26A457D6-D1DB-4517-889D-E778865CC416} = {C064131E-0F7F-4A79-8686-69CD5C215BB3}
	EndGlobalSection
	GlobalSection(ProjectConfigurationPlatforms) = postSolution
		{7D128210-B1B1-4440-9AF8-A7A3FC710E31}.Debug|Any CPU.ActiveCfg = Debug|Any CPU
		{7D128210-B1B1-4440-9AF8-A7A3FC710E31}.Debug|Any CPU.Build.0 = Debug|Any CPU
		{7D128210-B1B1-4440-9AF8-A7A3FC710E31}.Release|Any CPU.ActiveCfg = Release|Any CPU
		{7D128210-B1B1-4440-9AF8-A7A3FC710E31}.Release|Any CPU.Build.0 = Release|Any CPU
		{AA10994A-A780-490A-98F3-BC5BDC15B554}.Debug|Any CPU.ActiveCfg = Debug|Any CPU
		{AA10994A-A780-490A-98F3-BC5BDC15B554}.Debug|Any CPU.Build.0 = Debug|Any CPU
		{AA10994A-A780-490A-98F3-BC5BDC15B554}.Release|Any CPU.ActiveCfg = Release|Any CPU
		{AA10994A-A780-490A-98F3-BC5BDC15B554}.Release|Any CPU.Build.0 = Release|Any CPU
		{D2FC0657-406F-4D08-A0B1-255EA79F9577}.Debug|Any CPU.ActiveCfg = Debug|Any CPU
		{D2FC0657-406F-4D08-A0B1-255EA79F9577}.Debug|Any CPU.Build.0 = Debug|Any CPU
		{D2FC0657-406F-4D08-A0B1-255EA79F9577}.Release|Any CPU.ActiveCfg = Release|Any CPU
		{D2FC0657-406F-4D08-A0B1-255EA79F9577}.Release|Any CPU.Build.0 = Release|Any CPU
		{3BBACD59-5836-4E6D-A6A5-DDF192AD2BAE}.Debug|Any CPU.ActiveCfg = Debug|Any CPU
		{3BBACD59-5836-4E6D-A6A5-DDF192AD2BAE}.Debug|Any CPU.Build.0 = Debug|Any CPU
		{3BBACD59-5836-4E6D-A6A5-DDF192AD2BAE}.Release|Any CPU.ActiveCfg = Release|Any CPU
		{3BBACD59-5836-4E6D-A6A5-DDF192AD2BAE}.Release|Any CPU.Build.0 = Release|Any CPU
		{224E1230-71AC-401F-9468-A3F84EA5093F}.Debug|Any CPU.ActiveCfg = Debug|Any CPU
		{224E1230-71AC-401F-9468-A3F84EA5093F}.Debug|Any CPU.Build.0 = Debug|Any CPU
		{224E1230-71AC-401F-9468-A3F84EA5093F}.Release|Any CPU.ActiveCfg = Release|Any CPU
		{224E1230-71AC-401F-9468-A3F84EA5093F}.Release|Any CPU.Build.0 = Release|Any CPU
		{43B5E6D9-FC3E-4E8F-98E3-6280B6DD86A6}.Debug|Any CPU.ActiveCfg = Debug|Any CPU
		{43B5E6D9-FC3E-4E8F-98E3-6280B6DD86A6}.Debug|Any CPU.Build.0 = Debug|Any CPU
		{43B5E6D9-FC3E-4E8F-98E3-6280B6DD86A6}.Release|Any CPU.ActiveCfg = Release|Any CPU
		{43B5E6D9-FC3E-4E8F-98E3-6280B6DD86A6}.Release|Any CPU.Build.0 = Release|Any CPU
		{C173428D-9068-4FB6-BD8D-0CF151917045}.Debug|Any CPU.ActiveCfg = Debug|Any CPU
		{C173428D-9068-4FB6-BD8D-0CF151917045}.Debug|Any CPU.Build.0 = Debug|Any CPU
		{C173428D-9068-4FB6-BD8D-0CF151917045}.Release|Any CPU.ActiveCfg = Release|Any CPU
		{C173428D-9068-4FB6-BD8D-0CF151917045}.Release|Any CPU.Build.0 = Release|Any CPU
		{26A457D6-D1DB-4517-889D-E778865CC416}.Debug|Any CPU.ActiveCfg = Debug|Any CPU
		{26A457D6-D1DB-4517-889D-E778865CC416}.Debug|Any CPU.Build.0 = Debug|Any CPU
		{26A457D6-D1DB-4517-889D-E778865CC416}.Release|Any CPU.ActiveCfg = Release|Any CPU
		{26A457D6-D1DB-4517-889D-E778865CC416}.Release|Any CPU.Build.0 = Release|Any CPU
	EndGlobalSection
EndGlobal
