
Microsoft Visual Studio Solution File, Format Version 12.00
Project("{2150E333-8FDC-42A3-9474-1A3956D46DE8}") = "Src", "Src", "{61CDE34E-F16F-4A3D-8183-221790C877E7}"
EndProject
Project("{2150E333-8FDC-42A3-9474-1A3956D46DE8}") = "AnemicModel", "AnemicModel", "{7194AC4D-EFFB-4304-B9B7-0546BF0F5F81}"
EndProject
Project("{2150E333-8FDC-42A3-9474-1A3956D46DE8}") = "RichModel", "RichModel", "{E817C78B-7E13-49A2-AA2B-3AC05C292478}"
EndProject
Project("{2150E333-8FDC-42A3-9474-1A3956D46DE8}") = "Core", "Core", "{255C67D5-7F4E-4525-81AB-08CA87836951}"
EndProject
Project("{2150E333-8FDC-42A3-9474-1A3956D46DE8}") = "Infrastructure", "Infrastructure", "{7563D7BD-C959-4DF7-9AEA-485E9ADE5239}"
EndProject
Project("{2150E333-8FDC-42A3-9474-1A3956D46DE8}") = "Core", "Core", "{28AE2BF7-7860-457A-8EAA-A5589B0547C8}"
EndProject
Project("{2150E333-8FDC-42A3-9474-1A3956D46DE8}") = "Infrastructure", "Infrastructure", "{C064131E-0F7F-4A79-8686-69CD5C215BB3}"
EndProject
Project("{2150E333-8FDC-42A3-9474-1A3956D46DE8}") = "Presentation", "Presentation", "{5C0D84E6-54B4-450E-AC82-8B7AAC8896C8}"
EndProject
Project("{FAE04EC0-301F-11D3-BF4B-00C04F79EFBC}") = "AnemicModel.Application", "Src\AnemicModel.Application\AnemicModel.Application.csproj", "{F8D99E0F-B74C-46A6-B986-B3D5FA052381}"
EndProject
Project("{FAE04EC0-301F-11D3-BF4B-00C04F79EFBC}") = "AnemicModel.Domain", "Src\AnemicModel.Domain\AnemicModel.Domain.csproj", "{01101C60-940E-4C35-A991-47EC5F470140}"
EndProject
Project("{FAE04EC0-301F-11D3-BF4B-00C04F79EFBC}") = "AnemicModel.Persistance", "Src\AnemicModel.Persistance\AnemicModel.Persistance.csproj", "{1AC3A95A-4F41-4527-A1CF-B9CD8D47B100}"
EndProject
Project("{FAE04EC0-301F-11D3-BF4B-00C04F79EFBC}") = "RichModel.Application", "Src\RichModel.Application\RichModel.Application.csproj", "{4559A80D-BB49-4B61-A710-4401D424FB3B}"
EndProject
Project("{FAE04EC0-301F-11D3-BF4B-00C04F79EFBC}") = "RichModel.Domain", "Src\RichModel.Domain\RichModel.Domain.csproj", "{7D151D87-469A-44EB-9329-8D77AAA613E4}"
EndProject
Project("{FAE04EC0-301F-11D3-BF4B-00C04F79EFBC}") = "RichModel.Infrastructure", "Src\RichModel.Infrastructure\RichModel.Infrastructure.csproj", "{1C903ED7-5FED-4977-96D1-E8CCE92D03B5}"
EndProject
Project("{FAE04EC0-301F-11D3-BF4B-00C04F79EFBC}") = "RichModel.Persistance", "Src\RichModel.Persistance\RichModel.Persistance.csproj", "{E4C58C29-6C3F-43DD-9B13-695813EB498E}"
EndProject
Project("{FAE04EC0-301F-11D3-BF4B-00C04F79EFBC}") = "RichModel.WebUI", "Src\RichModel.WebUI\RichModel.WebUI.csproj", "{47AD7939-719B-4BE6-985A-087CAA071123}"
EndProject
Project("{2150E333-8FDC-42A3-9474-1A3956D46DE8}") = "Tests", "Tests", "{3DC34E62-6B0C-418E-9AFB-A7200ABF7F26}"
EndProject
Project("{FAE04EC0-301F-11D3-BF4B-00C04F79EFBC}") = "RichModel.Domain.UnitTests", "Src\RichModel.Domain.UnitTests\RichModel.Domain.UnitTests.csproj", "{14F3F912-DE61-4E00-B55E-1A452DCC61EB}"
EndProject
Global
	GlobalSection(SolutionConfigurationPlatforms) = preSolution
		Debug|Any CPU = Debug|Any CPU
		Release|Any CPU = Release|Any CPU
	EndGlobalSection
	GlobalSection(NestedProjects) = preSolution
		{7194AC4D-EFFB-4304-B9B7-0546BF0F5F81} = {61CDE34E-F16F-4A3D-8183-221790C877E7}
		{E817C78B-7E13-49A2-AA2B-3AC05C292478} = {61CDE34E-F16F-4A3D-8183-221790C877E7}
		{255C67D5-7F4E-4525-81AB-08CA87836951} = {7194AC4D-EFFB-4304-B9B7-0546BF0F5F81}
		{7563D7BD-C959-4DF7-9AEA-485E9ADE5239} = {7194AC4D-EFFB-4304-B9B7-0546BF0F5F81}
		{28AE2BF7-7860-457A-8EAA-A5589B0547C8} = {E817C78B-7E13-49A2-AA2B-3AC05C292478}
		{C064131E-0F7F-4A79-8686-69CD5C215BB3} = {E817C78B-7E13-49A2-AA2B-3AC05C292478}
		{5C0D84E6-54B4-450E-AC82-8B7AAC8896C8} = {E817C78B-7E13-49A2-AA2B-3AC05C292478}
		{F8D99E0F-B74C-46A6-B986-B3D5FA052381} = {255C67D5-7F4E-4525-81AB-08CA87836951}
		{01101C60-940E-4C35-A991-47EC5F470140} = {255C67D5-7F4E-4525-81AB-08CA87836951}
		{1AC3A95A-4F41-4527-A1CF-B9CD8D47B100} = {7563D7BD-C959-4DF7-9AEA-485E9ADE5239}
		{4559A80D-BB49-4B61-A710-4401D424FB3B} = {28AE2BF7-7860-457A-8EAA-A5589B0547C8}
		{7D151D87-469A-44EB-9329-8D77AAA613E4} = {28AE2BF7-7860-457A-8EAA-A5589B0547C8}
		{1C903ED7-5FED-4977-96D1-E8CCE92D03B5} = {C064131E-0F7F-4A79-8686-69CD5C215BB3}
		{E4C58C29-6C3F-43DD-9B13-695813EB498E} = {C064131E-0F7F-4A79-8686-69CD5C215BB3}
		{47AD7939-719B-4BE6-985A-087CAA071123} = {5C0D84E6-54B4-450E-AC82-8B7AAC8896C8}
		{3DC34E62-6B0C-418E-9AFB-A7200ABF7F26} = {E817C78B-7E13-49A2-AA2B-3AC05C292478}
		{14F3F912-DE61-4E00-B55E-1A452DCC61EB} = {3DC34E62-6B0C-418E-9AFB-A7200ABF7F26}
	EndGlobalSection
	GlobalSection(ProjectConfigurationPlatforms) = postSolution
		{F8D99E0F-B74C-46A6-B986-B3D5FA052381}.Debug|Any CPU.ActiveCfg = Debug|Any CPU
		{F8D99E0F-B74C-46A6-B986-B3D5FA052381}.Debug|Any CPU.Build.0 = Debug|Any CPU
		{F8D99E0F-B74C-46A6-B986-B3D5FA052381}.Release|Any CPU.ActiveCfg = Release|Any CPU
		{F8D99E0F-B74C-46A6-B986-B3D5FA052381}.Release|Any CPU.Build.0 = Release|Any CPU
		{01101C60-940E-4C35-A991-47EC5F470140}.Debug|Any CPU.ActiveCfg = Debug|Any CPU
		{01101C60-940E-4C35-A991-47EC5F470140}.Debug|Any CPU.Build.0 = Debug|Any CPU
		{01101C60-940E-4C35-A991-47EC5F470140}.Release|Any CPU.ActiveCfg = Release|Any CPU
		{01101C60-940E-4C35-A991-47EC5F470140}.Release|Any CPU.Build.0 = Release|Any CPU
		{1AC3A95A-4F41-4527-A1CF-B9CD8D47B100}.Debug|Any CPU.ActiveCfg = Debug|Any CPU
		{1AC3A95A-4F41-4527-A1CF-B9CD8D47B100}.Debug|Any CPU.Build.0 = Debug|Any CPU
		{1AC3A95A-4F41-4527-A1CF-B9CD8D47B100}.Release|Any CPU.ActiveCfg = Release|Any CPU
		{1AC3A95A-4F41-4527-A1CF-B9CD8D47B100}.Release|Any CPU.Build.0 = Release|Any CPU
		{4559A80D-BB49-4B61-A710-4401D424FB3B}.Debug|Any CPU.ActiveCfg = Debug|Any CPU
		{4559A80D-BB49-4B61-A710-4401D424FB3B}.Debug|Any CPU.Build.0 = Debug|Any CPU
		{4559A80D-BB49-4B61-A710-4401D424FB3B}.Release|Any CPU.ActiveCfg = Release|Any CPU
		{4559A80D-BB49-4B61-A710-4401D424FB3B}.Release|Any CPU.Build.0 = Release|Any CPU
		{7D151D87-469A-44EB-9329-8D77AAA613E4}.Debug|Any CPU.ActiveCfg = Debug|Any CPU
		{7D151D87-469A-44EB-9329-8D77AAA613E4}.Debug|Any CPU.Build.0 = Debug|Any CPU
		{7D151D87-469A-44EB-9329-8D77AAA613E4}.Release|Any CPU.ActiveCfg = Release|Any CPU
		{7D151D87-469A-44EB-9329-8D77AAA613E4}.Release|Any CPU.Build.0 = Release|Any CPU
		{1C903ED7-5FED-4977-96D1-E8CCE92D03B5}.Debug|Any CPU.ActiveCfg = Debug|Any CPU
		{1C903ED7-5FED-4977-96D1-E8CCE92D03B5}.Debug|Any CPU.Build.0 = Debug|Any CPU
		{1C903ED7-5FED-4977-96D1-E8CCE92D03B5}.Release|Any CPU.ActiveCfg = Release|Any CPU
		{1C903ED7-5FED-4977-96D1-E8CCE92D03B5}.Release|Any CPU.Build.0 = Release|Any CPU
		{E4C58C29-6C3F-43DD-9B13-695813EB498E}.Debug|Any CPU.ActiveCfg = Debug|Any CPU
		{E4C58C29-6C3F-43DD-9B13-695813EB498E}.Debug|Any CPU.Build.0 = Debug|Any CPU
		{E4C58C29-6C3F-43DD-9B13-695813EB498E}.Release|Any CPU.ActiveCfg = Release|Any CPU
		{E4C58C29-6C3F-43DD-9B13-695813EB498E}.Release|Any CPU.Build.0 = Release|Any CPU
		{47AD7939-719B-4BE6-985A-087CAA071123}.Debug|Any CPU.ActiveCfg = Debug|Any CPU
		{47AD7939-719B-4BE6-985A-087CAA071123}.Debug|Any CPU.Build.0 = Debug|Any CPU
		{47AD7939-719B-4BE6-985A-087CAA071123}.Release|Any CPU.ActiveCfg = Release|Any CPU
		{47AD7939-719B-4BE6-985A-087CAA071123}.Release|Any CPU.Build.0 = Release|Any CPU
		{14F3F912-DE61-4E00-B55E-1A452DCC61EB}.Debug|Any CPU.ActiveCfg = Debug|Any CPU
		{14F3F912-DE61-4E00-B55E-1A452DCC61EB}.Debug|Any CPU.Build.0 = Debug|Any CPU
		{14F3F912-DE61-4E00-B55E-1A452DCC61EB}.Release|Any CPU.ActiveCfg = Release|Any CPU
		{14F3F912-DE61-4E00-B55E-1A452DCC61EB}.Release|Any CPU.Build.0 = Release|Any CPU
	EndGlobalSection
EndGlobal
